
Microsoft Visual Studio Solution File, Format Version 12.00
# Visual Studio Version 17
VisualStudioVersion = 17.13.35828.75
MinimumVisualStudioVersion = 10.0.40219.1
Project("{2150E333-8FDC-42A3-9474-1A3956D46DE8}") = "Application", "Application", "{02EA681E-C7D8-13C7-8484-4AC65E1B71E8}"
EndProject
Project("{2150E333-8FDC-42A3-9474-1A3956D46DE8}") = "Domain", "Domain", "{37260AD9-4866-4966-99E0-4E2943F92D66}"
EndProject
Project("{2150E333-8FDC-42A3-9474-1A3956D46DE8}") = "Infrastructure", "Infrastructure", "{9B9E7FE3-1CA3-44DB-89D1-5DF7ACAA8540}"
EndProject
Project("{2150E333-8FDC-42A3-9474-1A3956D46DE8}") = "Presentation", "Presentation", "{A5462E63-92A1-4269-8719-B9C386587E2B}"
EndProject
Project("{2150E333-8FDC-42A3-9474-1A3956D46DE8}") = "Test", "Test", "{8BFFC2CB-2F61-419B-858A-4447EE01C53B}"
EndProject
Project("{FAE04EC0-301F-11D3-BF4B-00C04F79EFBC}") = "eHub.Backend.Application", "eHub.Backend.Application\eHub.Backend.Application.csproj", "{83BBB060-67A1-4A55-938B-6B399091E9BA}"
EndProject
Project("{FAE04EC0-301F-11D3-BF4B-00C04F79EFBC}") = "eHub.Backend.Domain", "eHub.Backend.Domain\eHub.Backend.Domain.csproj", "{9E5DAAB2-E298-4D08-BCF4-72E365412359}"
EndProject
Project("{FAE04EC0-301F-11D3-BF4B-00C04F79EFBC}") = "eHub.Backend.Infrastructure", "eHub.Backend.Infrastructure\eHub.Backend.Infrastructure.csproj", "{DF60853F-6148-4221-B755-2C66030A6FB7}"
EndProject
Project("{FAE04EC0-301F-11D3-BF4B-00C04F79EFBC}") = "eHub.Backend.WebApi", "eHub.Backend.WebApi\eHub.Backend.WebApi.csproj", "{9A23F673-0ED0-497D-9F24-BF33A11E681C}"
EndProject
Global
	GlobalSection(SolutionConfigurationPlatforms) = preSolution
		Debug|Any CPU = Debug|Any CPU
		Release|Any CPU = Release|Any CPU
	EndGlobalSection
	GlobalSection(ProjectConfigurationPlatforms) = postSolution
		{83BBB060-67A1-4A55-938B-6B399091E9BA}.Debug|Any CPU.ActiveCfg = Debug|Any CPU
		{83BBB060-67A1-4A55-938B-6B399091E9BA}.Debug|Any CPU.Build.0 = Debug|Any CPU
		{83BBB060-67A1-4A55-938B-6B399091E9BA}.Release|Any CPU.ActiveCfg = Release|Any CPU
		{83BBB060-67A1-4A55-938B-6B399091E9BA}.Release|Any CPU.Build.0 = Release|Any CPU
		{9E5DAAB2-E298-4D08-BCF4-72E365412359}.Debug|Any CPU.ActiveCfg = Debug|Any CPU
		{9E5DAAB2-E298-4D08-BCF4-72E365412359}.Debug|Any CPU.Build.0 = Debug|Any CPU
		{9E5DAAB2-E298-4D08-BCF4-72E365412359}.Release|Any CPU.ActiveCfg = Release|Any CPU
		{9E5DAAB2-E298-4D08-BCF4-72E365412359}.Release|Any CPU.Build.0 = Release|Any CPU
		{DF60853F-6148-4221-B755-2C66030A6FB7}.Debug|Any CPU.ActiveCfg = Debug|Any CPU
		{DF60853F-6148-4221-B755-2C66030A6FB7}.Debug|Any CPU.Build.0 = Debug|Any CPU
		{DF60853F-6148-4221-B755-2C66030A6FB7}.Release|Any CPU.ActiveCfg = Release|Any CPU
		{DF60853F-6148-4221-B755-2C66030A6FB7}.Release|Any CPU.Build.0 = Release|Any CPU
		{9A23F673-0ED0-497D-9F24-BF33A11E681C}.Debug|Any CPU.ActiveCfg = Debug|Any CPU
		{9A23F673-0ED0-497D-9F24-BF33A11E681C}.Debug|Any CPU.Build.0 = Debug|Any CPU
		{9A23F673-0ED0-497D-9F24-BF33A11E681C}.Release|Any CPU.ActiveCfg = Release|Any CPU
		{9A23F673-0ED0-497D-9F24-BF33A11E681C}.Release|Any CPU.Build.0 = Release|Any CPU
	EndGlobalSection
	GlobalSection(SolutionProperties) = preSolution
		HideSolutionNode = FALSE
	EndGlobalSection
	GlobalSection(NestedProjects) = preSolution
		{83BBB060-67A1-4A55-938B-6B399091E9BA} = {02EA681E-C7D8-13C7-8484-4AC65E1B71E8}
		{9E5DAAB2-E298-4D08-BCF4-72E365412359} = {37260AD9-4866-4966-99E0-4E2943F92D66}
		{DF60853F-6148-4221-B755-2C66030A6FB7} = {9B9E7FE3-1CA3-44DB-89D1-5DF7ACAA8540}
		{9A23F673-0ED0-497D-9F24-BF33A11E681C} = {A5462E63-92A1-4269-8719-B9C386587E2B}
	EndGlobalSection
	GlobalSection(ExtensibilityGlobals) = postSolution
		SolutionGuid = {AEA32FB3-1407-4869-8046-D44676A5B585}
	EndGlobalSection
EndGlobal
